// !$*UTF8*$!
{
	archiveVersion = 1;
	classes = {
	};
	objectVersion = 50;
	objects = {

/* Begin PBXBuildFile section */
		130F41E3215318BA00E71314 /* SplashScreenViewController.swift in Sources */ = {isa = PBXBuildFile; fileRef = 130F41E2215318BA00E71314 /* SplashScreenViewController.swift */; };
		13F261412156A45A00408125 /* Lato-Italic.ttf in Resources */ = {isa = PBXBuildFile; fileRef = 13F2613E2156A45A00408125 /* Lato-Italic.ttf */; };
		13F261422156A45A00408125 /* Lato-Regular.ttf in Resources */ = {isa = PBXBuildFile; fileRef = 13F2613F2156A45A00408125 /* Lato-Regular.ttf */; };
		13F261442156AFEB00408125 /* Lato-Bold.ttf in Resources */ = {isa = PBXBuildFile; fileRef = 13F261402156A45A00408125 /* Lato-Bold.ttf */; };
		376862F693B36A31E9D65AD6 /* Pods_ChatMatch.framework in Frameworks */ = {isa = PBXBuildFile; fileRef = 72AE9DB8892AD85AE0D34D1B /* Pods_ChatMatch.framework */; };
		6C21C59B2155ADEE00FCEEAF /* howitworks.mp4 in Resources */ = {isa = PBXBuildFile; fileRef = 6C21C59A2155ADEE00FCEEAF /* howitworks.mp4 */; };
		6C9305C02152FA7100FCD286 /* AppDelegate.swift in Sources */ = {isa = PBXBuildFile; fileRef = 6C9305BF2152FA7100FCD286 /* AppDelegate.swift */; };
		6C9305C72152FA7300FCD286 /* Assets.xcassets in Resources */ = {isa = PBXBuildFile; fileRef = 6C9305C62152FA7300FCD286 /* Assets.xcassets */; };
		6C9305CA2152FA7300FCD286 /* LaunchScreen.storyboard in Resources */ = {isa = PBXBuildFile; fileRef = 6C9305C82152FA7300FCD286 /* LaunchScreen.storyboard */; };
		6C9305D52153073500FCD286 /* HomeViewController.swift in Sources */ = {isa = PBXBuildFile; fileRef = 6C9305D42153073500FCD286 /* HomeViewController.swift */; };
		6C9305D9215307CF00FCD286 /* AppTheme.swift in Sources */ = {isa = PBXBuildFile; fileRef = 6C9305D8215307CF00FCD286 /* AppTheme.swift */; };
		6C9305DC2153080500FCD286 /* UIColorExtensions.swift in Sources */ = {isa = PBXBuildFile; fileRef = 6C9305DB2153080500FCD286 /* UIColorExtensions.swift */; };
		6C9305DE2153083F00FCD286 /* SideMenuViewController.swift in Sources */ = {isa = PBXBuildFile; fileRef = 6C9305DD2153083F00FCD286 /* SideMenuViewController.swift */; };
		6C9305E12153086900FCD286 /* BaseViewController.swift in Sources */ = {isa = PBXBuildFile; fileRef = 6C9305E02153086900FCD286 /* BaseViewController.swift */; };
		6C9305E721530B2900FCD286 /* SideMenuHeader.swift in Sources */ = {isa = PBXBuildFile; fileRef = 6C9305E521530B2900FCD286 /* SideMenuHeader.swift */; };
		6C9305E821530B2900FCD286 /* SideMenuItem.swift in Sources */ = {isa = PBXBuildFile; fileRef = 6C9305E621530B2900FCD286 /* SideMenuItem.swift */; };
		6C9305EB21530B6400FCD286 /* SideMenuHeaderSectionController.swift in Sources */ = {isa = PBXBuildFile; fileRef = 6C9305E921530B6400FCD286 /* SideMenuHeaderSectionController.swift */; };
		6C9305EC21530B6400FCD286 /* SideMenuItemSectionController.swift in Sources */ = {isa = PBXBuildFile; fileRef = 6C9305EA21530B6400FCD286 /* SideMenuItemSectionController.swift */; };
		6C9305F221530BB300FCD286 /* SideMenuHeaderCollectionViewCell.swift in Sources */ = {isa = PBXBuildFile; fileRef = 6C9305F021530BB200FCD286 /* SideMenuHeaderCollectionViewCell.swift */; };
		6C9305F321530BB300FCD286 /* SideMenuItemCollectionViewCell.swift in Sources */ = {isa = PBXBuildFile; fileRef = 6C9305F121530BB300FCD286 /* SideMenuItemCollectionViewCell.swift */; };
/* End PBXBuildFile section */

/* Begin PBXFileReference section */
		130F41E2215318BA00E71314 /* SplashScreenViewController.swift */ = {isa = PBXFileReference; lastKnownFileType = sourcecode.swift; path = SplashScreenViewController.swift; sourceTree = "<group>"; };
		13F2613E2156A45A00408125 /* Lato-Italic.ttf */ = {isa = PBXFileReference; lastKnownFileType = file; path = "Lato-Italic.ttf"; sourceTree = "<group>"; };
		13F2613F2156A45A00408125 /* Lato-Regular.ttf */ = {isa = PBXFileReference; lastKnownFileType = file; path = "Lato-Regular.ttf"; sourceTree = "<group>"; };
		13F261402156A45A00408125 /* Lato-Bold.ttf */ = {isa = PBXFileReference; lastKnownFileType = file; path = "Lato-Bold.ttf"; sourceTree = "<group>"; };
		6C21C59A2155ADEE00FCEEAF /* howitworks.mp4 */ = {isa = PBXFileReference; lastKnownFileType = file; path = howitworks.mp4; sourceTree = "<group>"; };
		6C9305BC2152FA7100FCD286 /* ChatMatch.app */ = {isa = PBXFileReference; explicitFileType = wrapper.application; includeInIndex = 0; path = ChatMatch.app; sourceTree = BUILT_PRODUCTS_DIR; };
		6C9305BF2152FA7100FCD286 /* AppDelegate.swift */ = {isa = PBXFileReference; lastKnownFileType = sourcecode.swift; path = AppDelegate.swift; sourceTree = "<group>"; };
		6C9305C62152FA7300FCD286 /* Assets.xcassets */ = {isa = PBXFileReference; lastKnownFileType = folder.assetcatalog; path = Assets.xcassets; sourceTree = "<group>"; };
		6C9305C92152FA7300FCD286 /* Base */ = {isa = PBXFileReference; lastKnownFileType = file.storyboard; name = Base; path = Base.lproj/LaunchScreen.storyboard; sourceTree = "<group>"; };
		6C9305CB2152FA7300FCD286 /* Info.plist */ = {isa = PBXFileReference; lastKnownFileType = text.plist.xml; path = Info.plist; sourceTree = "<group>"; };
		6C9305D42153073500FCD286 /* HomeViewController.swift */ = {isa = PBXFileReference; lastKnownFileType = sourcecode.swift; path = HomeViewController.swift; sourceTree = "<group>"; };
		6C9305D8215307CF00FCD286 /* AppTheme.swift */ = {isa = PBXFileReference; lastKnownFileType = sourcecode.swift; path = AppTheme.swift; sourceTree = "<group>"; };
		6C9305DB2153080500FCD286 /* UIColorExtensions.swift */ = {isa = PBXFileReference; lastKnownFileType = sourcecode.swift; path = UIColorExtensions.swift; sourceTree = "<group>"; };
		6C9305DD2153083F00FCD286 /* SideMenuViewController.swift */ = {isa = PBXFileReference; lastKnownFileType = sourcecode.swift; path = SideMenuViewController.swift; sourceTree = "<group>"; };
		6C9305E02153086900FCD286 /* BaseViewController.swift */ = {isa = PBXFileReference; fileEncoding = 4; lastKnownFileType = sourcecode.swift; path = BaseViewController.swift; sourceTree = "<group>"; };
		6C9305E521530B2900FCD286 /* SideMenuHeader.swift */ = {isa = PBXFileReference; fileEncoding = 4; lastKnownFileType = sourcecode.swift; path = SideMenuHeader.swift; sourceTree = "<group>"; };
		6C9305E621530B2900FCD286 /* SideMenuItem.swift */ = {isa = PBXFileReference; fileEncoding = 4; lastKnownFileType = sourcecode.swift; path = SideMenuItem.swift; sourceTree = "<group>"; };
		6C9305E921530B6400FCD286 /* SideMenuHeaderSectionController.swift */ = {isa = PBXFileReference; fileEncoding = 4; lastKnownFileType = sourcecode.swift; path = SideMenuHeaderSectionController.swift; sourceTree = "<group>"; };
		6C9305EA21530B6400FCD286 /* SideMenuItemSectionController.swift */ = {isa = PBXFileReference; fileEncoding = 4; lastKnownFileType = sourcecode.swift; path = SideMenuItemSectionController.swift; sourceTree = "<group>"; };
		6C9305F021530BB200FCD286 /* SideMenuHeaderCollectionViewCell.swift */ = {isa = PBXFileReference; fileEncoding = 4; lastKnownFileType = sourcecode.swift; path = SideMenuHeaderCollectionViewCell.swift; sourceTree = "<group>"; };
		6C9305F121530BB300FCD286 /* SideMenuItemCollectionViewCell.swift */ = {isa = PBXFileReference; fileEncoding = 4; lastKnownFileType = sourcecode.swift; path = SideMenuItemCollectionViewCell.swift; sourceTree = "<group>"; };
		72AE9DB8892AD85AE0D34D1B /* Pods_ChatMatch.framework */ = {isa = PBXFileReference; explicitFileType = wrapper.framework; includeInIndex = 0; path = Pods_ChatMatch.framework; sourceTree = BUILT_PRODUCTS_DIR; };
		87B5EF291AED7A40886F561D /* Pods-ChatMatch.release.xcconfig */ = {isa = PBXFileReference; includeInIndex = 1; lastKnownFileType = text.xcconfig; name = "Pods-ChatMatch.release.xcconfig"; path = "Pods/Target Support Files/Pods-ChatMatch/Pods-ChatMatch.release.xcconfig"; sourceTree = "<group>"; };
		C0B8D8DA7C4231ADD21E3D7D /* Pods-ChatMatch.debug.xcconfig */ = {isa = PBXFileReference; includeInIndex = 1; lastKnownFileType = text.xcconfig; name = "Pods-ChatMatch.debug.xcconfig"; path = "Pods/Target Support Files/Pods-ChatMatch/Pods-ChatMatch.debug.xcconfig"; sourceTree = "<group>"; };
/* End PBXFileReference section */

/* Begin PBXFrameworksBuildPhase section */
		6C9305B92152FA7100FCD286 /* Frameworks */ = {
			isa = PBXFrameworksBuildPhase;
			buildActionMask = 2147483647;
			files = (
				376862F693B36A31E9D65AD6 /* Pods_ChatMatch.framework in Frameworks */,
			);
			runOnlyForDeploymentPostprocessing = 0;
		};
/* End PBXFrameworksBuildPhase section */

/* Begin PBXGroup section */
		13F2613D2156A3CC00408125 /* Fonts */ = {
			isa = PBXGroup;
			children = (
				13F261402156A45A00408125 /* Lato-Bold.ttf */,
				13F2613E2156A45A00408125 /* Lato-Italic.ttf */,
				13F2613F2156A45A00408125 /* Lato-Regular.ttf */,
			);
			path = Fonts;
			sourceTree = "<group>";
		};
		6C21C5972155ADB300FCEEAF /* Resources */ = {
			isa = PBXGroup;
			children = (
				13F2613D2156A3CC00408125 /* Fonts */,
				6C21C5982155ADD200FCEEAF /* Media */,
				6C9305C82152FA7300FCD286 /* LaunchScreen.storyboard */,
				6C9305C62152FA7300FCD286 /* Assets.xcassets */,
			);
			path = Resources;
			sourceTree = "<group>";
		};
		6C21C5982155ADD200FCEEAF /* Media */ = {
			isa = PBXGroup;
			children = (
				6C21C5992155ADDA00FCEEAF /* Videos */,
			);
			path = Media;
			sourceTree = "<group>";
		};
		6C21C5992155ADDA00FCEEAF /* Videos */ = {
			isa = PBXGroup;
			children = (
				6C21C59A2155ADEE00FCEEAF /* howitworks.mp4 */,
			);
			path = Videos;
			sourceTree = "<group>";
		};
		6C9305B32152FA7100FCD286 = {
			isa = PBXGroup;
			children = (
				6C9305BE2152FA7100FCD286 /* ChatMatch */,
				6C9305BD2152FA7100FCD286 /* Products */,
				9F49D1E47A7BFA264E546C9B /* Pods */,
				E21451E33EF0D1AC61B66466 /* Frameworks */,
			);
			sourceTree = "<group>";
		};
		6C9305BD2152FA7100FCD286 /* Products */ = {
			isa = PBXGroup;
			children = (
				6C9305BC2152FA7100FCD286 /* ChatMatch.app */,
			);
			name = Products;
			sourceTree = "<group>";
		};
		6C9305BE2152FA7100FCD286 /* ChatMatch */ = {
			isa = PBXGroup;
			children = (
				6C9305BF2152FA7100FCD286 /* AppDelegate.swift */,
				6C9305EE21530B7E00FCD286 /* Views */,
				6C9305E321530A6700FCD286 /* Models */,
				6C9305D12153070700FCD286 /* ViewControllers */,
				6C9305D6215307AF00FCD286 /* Components */,
				6C21C5972155ADB300FCEEAF /* Resources */,
				6C9305CB2152FA7300FCD286 /* Info.plist */,
			);
			path = ChatMatch;
			sourceTree = "<group>";
		};
		6C9305D12153070700FCD286 /* ViewControllers */ = {
			isa = PBXGroup;
			children = (
				6C9305DF2153085400FCD286 /* Base */,
				6C9305D42153073500FCD286 /* HomeViewController.swift */,
				6C9305DD2153083F00FCD286 /* SideMenuViewController.swift */,
				130F41E2215318BA00E71314 /* SplashScreenViewController.swift */,
			);
			path = ViewControllers;
			sourceTree = "<group>";
		};
		6C9305D6215307AF00FCD286 /* Components */ = {
			isa = PBXGroup;
			children = (
				6C9305DA215307F400FCD286 /* Extensions */,
				6C9305D7215307BE00FCD286 /* Common */,
				6C9305E2215308EF00FCD286 /* Controllers */,
			);
			path = Components;
			sourceTree = "<group>";
		};
		6C9305D7215307BE00FCD286 /* Common */ = {
			isa = PBXGroup;
			children = (
				6C9305D8215307CF00FCD286 /* AppTheme.swift */,
			);
			path = Common;
			sourceTree = "<group>";
		};
		6C9305DA215307F400FCD286 /* Extensions */ = {
			isa = PBXGroup;
			children = (
				6C9305DB2153080500FCD286 /* UIColorExtensions.swift */,
			);
			path = Extensions;
			sourceTree = "<group>";
		};
		6C9305DF2153085400FCD286 /* Base */ = {
			isa = PBXGroup;
			children = (
				6C9305E02153086900FCD286 /* BaseViewController.swift */,
			);
			path = Base;
			sourceTree = "<group>";
		};
		6C9305E2215308EF00FCD286 /* Controllers */ = {
			isa = PBXGroup;
			children = (
				6C9305ED21530B6A00FCD286 /* SideMenu */,
			);
			path = Controllers;
			sourceTree = "<group>";
		};
		6C9305E321530A6700FCD286 /* Models */ = {
			isa = PBXGroup;
			children = (
				6C9305E421530ACF00FCD286 /* SideMenu */,
			);
			path = Models;
			sourceTree = "<group>";
		};
		6C9305E421530ACF00FCD286 /* SideMenu */ = {
			isa = PBXGroup;
			children = (
				6C9305E521530B2900FCD286 /* SideMenuHeader.swift */,
				6C9305E621530B2900FCD286 /* SideMenuItem.swift */,
			);
			path = SideMenu;
			sourceTree = "<group>";
		};
		6C9305ED21530B6A00FCD286 /* SideMenu */ = {
			isa = PBXGroup;
			children = (
				6C9305E921530B6400FCD286 /* SideMenuHeaderSectionController.swift */,
				6C9305EA21530B6400FCD286 /* SideMenuItemSectionController.swift */,
			);
			path = SideMenu;
			sourceTree = "<group>";
		};
		6C9305EE21530B7E00FCD286 /* Views */ = {
			isa = PBXGroup;
			children = (
				6C9305EF21530B9400FCD286 /* UICollectionViewCell */,
			);
			path = Views;
			sourceTree = "<group>";
		};
		6C9305EF21530B9400FCD286 /* UICollectionViewCell */ = {
			isa = PBXGroup;
			children = (
				6C9305F421530BB500FCD286 /* SideMenu */,
			);
			path = UICollectionViewCell;
			sourceTree = "<group>";
		};
		6C9305F421530BB500FCD286 /* SideMenu */ = {
			isa = PBXGroup;
			children = (
				6C9305F021530BB200FCD286 /* SideMenuHeaderCollectionViewCell.swift */,
				6C9305F121530BB300FCD286 /* SideMenuItemCollectionViewCell.swift */,
			);
			path = SideMenu;
			sourceTree = "<group>";
		};
		9F49D1E47A7BFA264E546C9B /* Pods */ = {
			isa = PBXGroup;
			children = (
				C0B8D8DA7C4231ADD21E3D7D /* Pods-ChatMatch.debug.xcconfig */,
				87B5EF291AED7A40886F561D /* Pods-ChatMatch.release.xcconfig */,
			);
			name = Pods;
			sourceTree = "<group>";
		};
		E21451E33EF0D1AC61B66466 /* Frameworks */ = {
			isa = PBXGroup;
			children = (
				72AE9DB8892AD85AE0D34D1B /* Pods_ChatMatch.framework */,
			);
			name = Frameworks;
			sourceTree = "<group>";
		};
/* End PBXGroup section */

/* Begin PBXNativeTarget section */
		6C9305BB2152FA7100FCD286 /* ChatMatch */ = {
			isa = PBXNativeTarget;
			buildConfigurationList = 6C9305CE2152FA7300FCD286 /* Build configuration list for PBXNativeTarget "ChatMatch" */;
			buildPhases = (
				7ACFFD5673C72B4FCFEC296C /* [CP] Check Pods Manifest.lock */,
				6C9305B82152FA7100FCD286 /* Sources */,
				6C9305B92152FA7100FCD286 /* Frameworks */,
				6C9305BA2152FA7100FCD286 /* Resources */,
				0CFF19A56ABB5B849B43574F /* [CP] Embed Pods Frameworks */,
			);
			buildRules = (
			);
			dependencies = (
			);
			name = ChatMatch;
			productName = ChatMatch;
			productReference = 6C9305BC2152FA7100FCD286 /* ChatMatch.app */;
			productType = "com.apple.product-type.application";
		};
/* End PBXNativeTarget section */

/* Begin PBXProject section */
		6C9305B42152FA7100FCD286 /* Project object */ = {
			isa = PBXProject;
			attributes = {
				LastSwiftUpdateCheck = 0940;
				LastUpgradeCheck = 0940;
				ORGANIZATIONNAME = "Daniel Yo";
				TargetAttributes = {
					6C9305BB2152FA7100FCD286 = {
						CreatedOnToolsVersion = 9.4.1;
					};
				};
			};
			buildConfigurationList = 6C9305B72152FA7100FCD286 /* Build configuration list for PBXProject "ChatMatch" */;
			compatibilityVersion = "Xcode 9.3";
			developmentRegion = en;
			hasScannedForEncodings = 0;
			knownRegions = (
				en,
				Base,
			);
			mainGroup = 6C9305B32152FA7100FCD286;
			productRefGroup = 6C9305BD2152FA7100FCD286 /* Products */;
			projectDirPath = "";
			projectRoot = "";
			targets = (
				6C9305BB2152FA7100FCD286 /* ChatMatch */,
			);
		};
/* End PBXProject section */

/* Begin PBXResourcesBuildPhase section */
		6C9305BA2152FA7100FCD286 /* Resources */ = {
			isa = PBXResourcesBuildPhase;
			buildActionMask = 2147483647;
			files = (
				6C9305CA2152FA7300FCD286 /* LaunchScreen.storyboard in Resources */,
				13F261442156AFEB00408125 /* Lato-Bold.ttf in Resources */,
				6C21C59B2155ADEE00FCEEAF /* howitworks.mp4 in Resources */,
				13F261422156A45A00408125 /* Lato-Regular.ttf in Resources */,
				13F261412156A45A00408125 /* Lato-Italic.ttf in Resources */,
				6C9305C72152FA7300FCD286 /* Assets.xcassets in Resources */,
			);
			runOnlyForDeploymentPostprocessing = 0;
		};
/* End PBXResourcesBuildPhase section */

/* Begin PBXShellScriptBuildPhase section */
		0CFF19A56ABB5B849B43574F /* [CP] Embed Pods Frameworks */ = {
			isa = PBXShellScriptBuildPhase;
			buildActionMask = 2147483647;
			files = (
			);
			inputPaths = (
				"${SRCROOT}/Pods/Target Support Files/Pods-ChatMatch/Pods-ChatMatch-frameworks.sh",
				"${BUILT_PRODUCTS_DIR}/IGListKit/IGListKit.framework",
				"${BUILT_PRODUCTS_DIR}/SWRevealViewController/SWRevealViewController.framework",
				"${BUILT_PRODUCTS_DIR}/SnapKit/SnapKit.framework",
			);
			name = "[CP] Embed Pods Frameworks";
			outputPaths = (
				"${TARGET_BUILD_DIR}/${FRAMEWORKS_FOLDER_PATH}/IGListKit.framework",
				"${TARGET_BUILD_DIR}/${FRAMEWORKS_FOLDER_PATH}/SWRevealViewController.framework",
				"${TARGET_BUILD_DIR}/${FRAMEWORKS_FOLDER_PATH}/SnapKit.framework",
			);
			runOnlyForDeploymentPostprocessing = 0;
			shellPath = /bin/sh;
			shellScript = "\"${SRCROOT}/Pods/Target Support Files/Pods-ChatMatch/Pods-ChatMatch-frameworks.sh\"\n";
			showEnvVarsInLog = 0;
		};
		7ACFFD5673C72B4FCFEC296C /* [CP] Check Pods Manifest.lock */ = {
			isa = PBXShellScriptBuildPhase;
			buildActionMask = 2147483647;
			files = (
			);
			inputPaths = (
				"${PODS_PODFILE_DIR_PATH}/Podfile.lock",
				"${PODS_ROOT}/Manifest.lock",
			);
			name = "[CP] Check Pods Manifest.lock";
			outputPaths = (
				"$(DERIVED_FILE_DIR)/Pods-ChatMatch-checkManifestLockResult.txt",
			);
			runOnlyForDeploymentPostprocessing = 0;
			shellPath = /bin/sh;
			shellScript = "diff \"${PODS_PODFILE_DIR_PATH}/Podfile.lock\" \"${PODS_ROOT}/Manifest.lock\" > /dev/null\nif [ $? != 0 ] ; then\n    # print error to STDERR\n    echo \"error: The sandbox is not in sync with the Podfile.lock. Run 'pod install' or update your CocoaPods installation.\" >&2\n    exit 1\nfi\n# This output is used by Xcode 'outputs' to avoid re-running this script phase.\necho \"SUCCESS\" > \"${SCRIPT_OUTPUT_FILE_0}\"\n";
			showEnvVarsInLog = 0;
		};
/* End PBXShellScriptBuildPhase section */

/* Begin PBXSourcesBuildPhase section */
		6C9305B82152FA7100FCD286 /* Sources */ = {
			isa = PBXSourcesBuildPhase;
			buildActionMask = 2147483647;
			files = (
				6C9305EC21530B6400FCD286 /* SideMenuItemSectionController.swift in Sources */,
				6C9305D9215307CF00FCD286 /* AppTheme.swift in Sources */,
				6C9305C02152FA7100FCD286 /* AppDelegate.swift in Sources */,
				130F41E3215318BA00E71314 /* SplashScreenViewController.swift in Sources */,
				6C9305F321530BB300FCD286 /* SideMenuItemCollectionViewCell.swift in Sources */,
				6C9305D52153073500FCD286 /* HomeViewController.swift in Sources */,
				6C9305DE2153083F00FCD286 /* SideMenuViewController.swift in Sources */,
				6C9305DC2153080500FCD286 /* UIColorExtensions.swift in Sources */,
				6C9305E12153086900FCD286 /* BaseViewController.swift in Sources */,
				6C9305E821530B2900FCD286 /* SideMenuItem.swift in Sources */,
				6C9305EB21530B6400FCD286 /* SideMenuHeaderSectionController.swift in Sources */,
				6C9305F221530BB300FCD286 /* SideMenuHeaderCollectionViewCell.swift in Sources */,
				6C9305E721530B2900FCD286 /* SideMenuHeader.swift in Sources */,
			);
			runOnlyForDeploymentPostprocessing = 0;
		};
/* End PBXSourcesBuildPhase section */

/* Begin PBXVariantGroup section */
		6C9305C82152FA7300FCD286 /* LaunchScreen.storyboard */ = {
			isa = PBXVariantGroup;
			children = (
				6C9305C92152FA7300FCD286 /* Base */,
			);
			name = LaunchScreen.storyboard;
			sourceTree = "<group>";
		};
/* End PBXVariantGroup section */

/* Begin XCBuildConfiguration section */
		6C9305CC2152FA7300FCD286 /* Debug */ = {
			isa = XCBuildConfiguration;
			buildSettings = {
				ALWAYS_SEARCH_USER_PATHS = NO;
				CLANG_ANALYZER_NONNULL = YES;
				CLANG_ANALYZER_NUMBER_OBJECT_CONVERSION = YES_AGGRESSIVE;
				CLANG_CXX_LANGUAGE_STANDARD = "gnu++14";
				CLANG_CXX_LIBRARY = "libc++";
				CLANG_ENABLE_MODULES = YES;
				CLANG_ENABLE_OBJC_ARC = YES;
				CLANG_ENABLE_OBJC_WEAK = YES;
				CLANG_WARN_BLOCK_CAPTURE_AUTORELEASING = YES;
				CLANG_WARN_BOOL_CONVERSION = YES;
				CLANG_WARN_COMMA = YES;
				CLANG_WARN_CONSTANT_CONVERSION = YES;
				CLANG_WARN_DEPRECATED_OBJC_IMPLEMENTATIONS = YES;
				CLANG_WARN_DIRECT_OBJC_ISA_USAGE = YES_ERROR;
				CLANG_WARN_DOCUMENTATION_COMMENTS = YES;
				CLANG_WARN_EMPTY_BODY = YES;
				CLANG_WARN_ENUM_CONVERSION = YES;
				CLANG_WARN_INFINITE_RECURSION = YES;
				CLANG_WARN_INT_CONVERSION = YES;
				CLANG_WARN_NON_LITERAL_NULL_CONVERSION = YES;
				CLANG_WARN_OBJC_IMPLICIT_RETAIN_SELF = YES;
				CLANG_WARN_OBJC_LITERAL_CONVERSION = YES;
				CLANG_WARN_OBJC_ROOT_CLASS = YES_ERROR;
				CLANG_WARN_RANGE_LOOP_ANALYSIS = YES;
				CLANG_WARN_STRICT_PROTOTYPES = YES;
				CLANG_WARN_SUSPICIOUS_MOVE = YES;
				CLANG_WARN_UNGUARDED_AVAILABILITY = YES_AGGRESSIVE;
				CLANG_WARN_UNREACHABLE_CODE = YES;
				CLANG_WARN__DUPLICATE_METHOD_MATCH = YES;
				CODE_SIGN_IDENTITY = "iPhone Developer";
				COPY_PHASE_STRIP = NO;
				DEBUG_INFORMATION_FORMAT = dwarf;
				ENABLE_STRICT_OBJC_MSGSEND = YES;
				ENABLE_TESTABILITY = YES;
				GCC_C_LANGUAGE_STANDARD = gnu11;
				GCC_DYNAMIC_NO_PIC = NO;
				GCC_NO_COMMON_BLOCKS = YES;
				GCC_OPTIMIZATION_LEVEL = 0;
				GCC_PREPROCESSOR_DEFINITIONS = (
					"DEBUG=1",
					"$(inherited)",
				);
				GCC_WARN_64_TO_32_BIT_CONVERSION = YES;
				GCC_WARN_ABOUT_RETURN_TYPE = YES_ERROR;
				GCC_WARN_UNDECLARED_SELECTOR = YES;
				GCC_WARN_UNINITIALIZED_AUTOS = YES_AGGRESSIVE;
				GCC_WARN_UNUSED_FUNCTION = YES;
				GCC_WARN_UNUSED_VARIABLE = YES;
				IPHONEOS_DEPLOYMENT_TARGET = 11.4;
				MTL_ENABLE_DEBUG_INFO = YES;
				ONLY_ACTIVE_ARCH = YES;
				SDKROOT = iphoneos;
				SWIFT_ACTIVE_COMPILATION_CONDITIONS = DEBUG;
				SWIFT_OPTIMIZATION_LEVEL = "-Onone";
			};
			name = Debug;
		};
		6C9305CD2152FA7300FCD286 /* Release */ = {
			isa = XCBuildConfiguration;
			buildSettings = {
				ALWAYS_SEARCH_USER_PATHS = NO;
				CLANG_ANALYZER_NONNULL = YES;
				CLANG_ANALYZER_NUMBER_OBJECT_CONVERSION = YES_AGGRESSIVE;
				CLANG_CXX_LANGUAGE_STANDARD = "gnu++14";
				CLANG_CXX_LIBRARY = "libc++";
				CLANG_ENABLE_MODULES = YES;
				CLANG_ENABLE_OBJC_ARC = YES;
				CLANG_ENABLE_OBJC_WEAK = YES;
				CLANG_WARN_BLOCK_CAPTURE_AUTORELEASING = YES;
				CLANG_WARN_BOOL_CONVERSION = YES;
				CLANG_WARN_COMMA = YES;
				CLANG_WARN_CONSTANT_CONVERSION = YES;
				CLANG_WARN_DEPRECATED_OBJC_IMPLEMENTATIONS = YES;
				CLANG_WARN_DIRECT_OBJC_ISA_USAGE = YES_ERROR;
				CLANG_WARN_DOCUMENTATION_COMMENTS = YES;
				CLANG_WARN_EMPTY_BODY = YES;
				CLANG_WARN_ENUM_CONVERSION = YES;
				CLANG_WARN_INFINITE_RECURSION = YES;
				CLANG_WARN_INT_CONVERSION = YES;
				CLANG_WARN_NON_LITERAL_NULL_CONVERSION = YES;
				CLANG_WARN_OBJC_IMPLICIT_RETAIN_SELF = YES;
				CLANG_WARN_OBJC_LITERAL_CONVERSION = YES;
				CLANG_WARN_OBJC_ROOT_CLASS = YES_ERROR;
				CLANG_WARN_RANGE_LOOP_ANALYSIS = YES;
				CLANG_WARN_STRICT_PROTOTYPES = YES;
				CLANG_WARN_SUSPICIOUS_MOVE = YES;
				CLANG_WARN_UNGUARDED_AVAILABILITY = YES_AGGRESSIVE;
				CLANG_WARN_UNREACHABLE_CODE = YES;
				CLANG_WARN__DUPLICATE_METHOD_MATCH = YES;
				CODE_SIGN_IDENTITY = "iPhone Developer";
				COPY_PHASE_STRIP = NO;
				DEBUG_INFORMATION_FORMAT = "dwarf-with-dsym";
				ENABLE_NS_ASSERTIONS = NO;
				ENABLE_STRICT_OBJC_MSGSEND = YES;
				GCC_C_LANGUAGE_STANDARD = gnu11;
				GCC_NO_COMMON_BLOCKS = YES;
				GCC_WARN_64_TO_32_BIT_CONVERSION = YES;
				GCC_WARN_ABOUT_RETURN_TYPE = YES_ERROR;
				GCC_WARN_UNDECLARED_SELECTOR = YES;
				GCC_WARN_UNINITIALIZED_AUTOS = YES_AGGRESSIVE;
				GCC_WARN_UNUSED_FUNCTION = YES;
				GCC_WARN_UNUSED_VARIABLE = YES;
				IPHONEOS_DEPLOYMENT_TARGET = 11.4;
				MTL_ENABLE_DEBUG_INFO = NO;
				SDKROOT = iphoneos;
				SWIFT_COMPILATION_MODE = wholemodule;
				SWIFT_OPTIMIZATION_LEVEL = "-O";
				VALIDATE_PRODUCT = YES;
			};
			name = Release;
		};
		6C9305CF2152FA7300FCD286 /* Debug */ = {
			isa = XCBuildConfiguration;
			baseConfigurationReference = C0B8D8DA7C4231ADD21E3D7D /* Pods-ChatMatch.debug.xcconfig */;
			buildSettings = {
				ASSETCATALOG_COMPILER_APPICON_NAME = AppIcon;
				CODE_SIGN_STYLE = Automatic;
				DEVELOPMENT_TEAM = 6W2A826YQJ;
				INFOPLIST_FILE = ChatMatch/Info.plist;
				IPHONEOS_DEPLOYMENT_TARGET = 11.0;
				LD_RUNPATH_SEARCH_PATHS = (
					"$(inherited)",
					"@executable_path/Frameworks",
				);
				PRODUCT_BUNDLE_IDENTIFIER = com.chatMatch.ChatMatch;
				PRODUCT_NAME = "$(TARGET_NAME)";
				SWIFT_VERSION = 4.0;
				TARGETED_DEVICE_FAMILY = "1,2";
			};
			name = Debug;
		};
		6C9305D02152FA7300FCD286 /* Release */ = {
			isa = XCBuildConfiguration;
			baseConfigurationReference = 87B5EF291AED7A40886F561D /* Pods-ChatMatch.release.xcconfig */;
			buildSettings = {
				ASSETCATALOG_COMPILER_APPICON_NAME = AppIcon;
				CODE_SIGN_STYLE = Automatic;
				DEVELOPMENT_TEAM = 6W2A826YQJ;
				INFOPLIST_FILE = ChatMatch/Info.plist;
				IPHONEOS_DEPLOYMENT_TARGET = 11.0;
				LD_RUNPATH_SEARCH_PATHS = (
					"$(inherited)",
					"@executable_path/Frameworks",
				);
				PRODUCT_BUNDLE_IDENTIFIER = com.chatMatch.ChatMatch;
				PRODUCT_NAME = "$(TARGET_NAME)";
				SWIFT_VERSION = 4.0;
				TARGETED_DEVICE_FAMILY = "1,2";
			};
			name = Release;
		};
/* End XCBuildConfiguration section */

/* Begin XCConfigurationList section */
		6C9305B72152FA7100FCD286 /* Build configuration list for PBXProject "ChatMatch" */ = {
			isa = XCConfigurationList;
			buildConfigurations = (
				6C9305CC2152FA7300FCD286 /* Debug */,
				6C9305CD2152FA7300FCD286 /* Release */,
			);
			defaultConfigurationIsVisible = 0;
			defaultConfigurationName = Release;
		};
		6C9305CE2152FA7300FCD286 /* Build configuration list for PBXNativeTarget "ChatMatch" */ = {
			isa = XCConfigurationList;
			buildConfigurations = (
				6C9305CF2152FA7300FCD286 /* Debug */,
				6C9305D02152FA7300FCD286 /* Release */,
			);
			defaultConfigurationIsVisible = 0;
			defaultConfigurationName = Release;
		};
/* End XCConfigurationList section */
	};
	rootObject = 6C9305B42152FA7100FCD286 /* Project object */;
}
